// !$*UTF8*$!
{
	archiveVersion = 1;
	classes = {
	};
	objectVersion = 56;
	objects = {

/* Begin PBXBuildFile section */
		41DBF8FD2923D492006D0938 /* TripsView .swift in Sources */ = {isa = PBXBuildFile; fileRef = 41DBF8FC2923D492006D0938 /* TripsView .swift */; };
		41EEA0892922A3F2006902EF /* airbnbScreensApp.swift in Sources */ = {isa = PBXBuildFile; fileRef = 41EEA0882922A3F2006902EF /* airbnbScreensApp.swift */; };
		41EEA08B2922A3F2006902EF /* ContentView.swift in Sources */ = {isa = PBXBuildFile; fileRef = 41EEA08A2922A3F2006902EF /* ContentView.swift */; };
		41EEA08D2922A3F4006902EF /* Assets.xcassets in Resources */ = {isa = PBXBuildFile; fileRef = 41EEA08C2922A3F4006902EF /* Assets.xcassets */; };
		41EEA0902922A3F4006902EF /* Preview Assets.xcassets in Resources */ = {isa = PBXBuildFile; fileRef = 41EEA08F2922A3F4006902EF /* Preview Assets.xcassets */; };
		847312CE292BF09300996B57 /* ListingsView.swift in Sources */ = {isa = PBXBuildFile; fileRef = 847312CD292BF09300996B57 /* ListingsView.swift */; };
		847312D0292C25DC00996B57 /* SearchView.swift in Sources */ = {isa = PBXBuildFile; fileRef = 847312CF292C25DC00996B57 /* SearchView.swift */; };
		847312D6292D6AD000996B57 /* SelectedListing.swift in Sources */ = {isa = PBXBuildFile; fileRef = 847312D5292D6AD000996B57 /* SelectedListing.swift */; };
/* End PBXBuildFile section */

/* Begin PBXFileReference section */
		41DBF8FC2923D492006D0938 /* TripsView .swift */ = {isa = PBXFileReference; lastKnownFileType = sourcecode.swift; path = "TripsView .swift"; sourceTree = "<group>"; };
		41EEA0852922A3F2006902EF /* airbnbScreens.app */ = {isa = PBXFileReference; explicitFileType = wrapper.application; includeInIndex = 0; path = airbnbScreens.app; sourceTree = BUILT_PRODUCTS_DIR; };
		41EEA0882922A3F2006902EF /* airbnbScreensApp.swift */ = {isa = PBXFileReference; lastKnownFileType = sourcecode.swift; path = airbnbScreensApp.swift; sourceTree = "<group>"; };
		41EEA08A2922A3F2006902EF /* ContentView.swift */ = {isa = PBXFileReference; lastKnownFileType = sourcecode.swift; path = ContentView.swift; sourceTree = "<group>"; };
		41EEA08C2922A3F4006902EF /* Assets.xcassets */ = {isa = PBXFileReference; lastKnownFileType = folder.assetcatalog; path = Assets.xcassets; sourceTree = "<group>"; };
		41EEA08F2922A3F4006902EF /* Preview Assets.xcassets */ = {isa = PBXFileReference; lastKnownFileType = folder.assetcatalog; path = "Preview Assets.xcassets"; sourceTree = "<group>"; };
		847312CD292BF09300996B57 /* ListingsView.swift */ = {isa = PBXFileReference; lastKnownFileType = sourcecode.swift; path = ListingsView.swift; sourceTree = "<group>"; };
		847312CF292C25DC00996B57 /* SearchView.swift */ = {isa = PBXFileReference; lastKnownFileType = sourcecode.swift; path = SearchView.swift; sourceTree = "<group>"; };
		847312D5292D6AD000996B57 /* SelectedListing.swift */ = {isa = PBXFileReference; lastKnownFileType = sourcecode.swift; path = SelectedListing.swift; sourceTree = "<group>"; };
/* End PBXFileReference section */

/* Begin PBXFrameworksBuildPhase section */
		41EEA0822922A3F2006902EF /* Frameworks */ = {
			isa = PBXFrameworksBuildPhase;
			buildActionMask = 2147483647;
			files = (
			);
			runOnlyForDeploymentPostprocessing = 0;
		};
/* End PBXFrameworksBuildPhase section */

/* Begin PBXGroup section */
		41EEA07C2922A3F2006902EF = {
			isa = PBXGroup;
			children = (
				41EEA0872922A3F2006902EF /* airbnbScreens */,
				41EEA0862922A3F2006902EF /* Products */,
			);
			sourceTree = "<group>";
		};
		41EEA0862922A3F2006902EF /* Products */ = {
			isa = PBXGroup;
			children = (
				41EEA0852922A3F2006902EF /* airbnbScreens.app */,
			);
			name = Products;
			sourceTree = "<group>";
		};
		41EEA0872922A3F2006902EF /* airbnbScreens */ = {
			isa = PBXGroup;
			children = (
				41EEA0882922A3F2006902EF /* airbnbScreensApp.swift */,
				41EEA08A2922A3F2006902EF /* ContentView.swift */,
				41DBF8FC2923D492006D0938 /* TripsView .swift */,
				847312CF292C25DC00996B57 /* SearchView.swift */,
				847312CD292BF09300996B57 /* ListingsView.swift */,
				847312D5292D6AD000996B57 /* SelectedListing.swift */,
				41EEA08C2922A3F4006902EF /* Assets.xcassets */,
				41EEA08E2922A3F4006902EF /* Preview Content */,
			);
			path = airbnbScreens;
			sourceTree = "<group>";
		};
		41EEA08E2922A3F4006902EF /* Preview Content */ = {
			isa = PBXGroup;
			children = (
				41EEA08F2922A3F4006902EF /* Preview Assets.xcassets */,
			);
			path = "Preview Content";
			sourceTree = "<group>";
		};
/* End PBXGroup section */

/* Begin PBXNativeTarget section */
		41EEA0842922A3F2006902EF /* airbnbScreens */ = {
			isa = PBXNativeTarget;
			buildConfigurationList = 41EEA0932922A3F4006902EF /* Build configuration list for PBXNativeTarget "airbnbScreens" */;
			buildPhases = (
				41EEA0812922A3F2006902EF /* Sources */,
				41EEA0822922A3F2006902EF /* Frameworks */,
				41EEA0832922A3F2006902EF /* Resources */,
			);
			buildRules = (
			);
			dependencies = (
			);
			name = airbnbScreens;
			productName = airbnbScreens;
			productReference = 41EEA0852922A3F2006902EF /* airbnbScreens.app */;
			productType = "com.apple.product-type.application";
		};
/* End PBXNativeTarget section */

/* Begin PBXProject section */
		41EEA07D2922A3F2006902EF /* Project object */ = {
			isa = PBXProject;
			attributes = {
				BuildIndependentTargetsInParallel = 1;
				LastSwiftUpdateCheck = 1410;
				LastUpgradeCheck = 1410;
				TargetAttributes = {
					41EEA0842922A3F2006902EF = {
						CreatedOnToolsVersion = 14.1;
					};
				};
			};
			buildConfigurationList = 41EEA0802922A3F2006902EF /* Build configuration list for PBXProject "airbnbScreens" */;
			compatibilityVersion = "Xcode 14.0";
			developmentRegion = en;
			hasScannedForEncodings = 0;
			knownRegions = (
				en,
				Base,
			);
			mainGroup = 41EEA07C2922A3F2006902EF;
			productRefGroup = 41EEA0862922A3F2006902EF /* Products */;
			projectDirPath = "";
			projectRoot = "";
			targets = (
				41EEA0842922A3F2006902EF /* airbnbScreens */,
			);
		};
/* End PBXProject section */

/* Begin PBXResourcesBuildPhase section */
		41EEA0832922A3F2006902EF /* Resources */ = {
			isa = PBXResourcesBuildPhase;
			buildActionMask = 2147483647;
			files = (
				41EEA0902922A3F4006902EF /* Preview Assets.xcassets in Resources */,
				41EEA08D2922A3F4006902EF /* Assets.xcassets in Resources */,
			);
			runOnlyForDeploymentPostprocessing = 0;
		};
/* End PBXResourcesBuildPhase section */

/* Begin PBXSourcesBuildPhase section */
		41EEA0812922A3F2006902EF /* Sources */ = {
			isa = PBXSourcesBuildPhase;
			buildActionMask = 2147483647;
			files = (
				847312D0292C25DC00996B57 /* SearchView.swift in Sources */,
				41EEA08B2922A3F2006902EF /* ContentView.swift in Sources */,
				847312CE292BF09300996B57 /* ListingsView.swift in Sources */,
				847312D6292D6AD000996B57 /* SelectedListing.swift in Sources */,
				41EEA0892922A3F2006902EF /* airbnbScreensApp.swift in Sources */,
				41DBF8FD2923D492006D0938 /* TripsView .swift in Sources */,
			);
			runOnlyForDeploymentPostprocessing = 0;
		};
/* End PBXSourcesBuildPhase section */

/* Begin XCBuildConfiguration section */
		41EEA0912922A3F4006902EF /* Debug */ = {
			isa = XCBuildConfiguration;
			buildSettings = {
				ALWAYS_SEARCH_USER_PATHS = NO;
				CLANG_ANALYZER_NONNULL = YES;
				CLANG_ANALYZER_NUMBER_OBJECT_CONVERSION = YES_AGGRESSIVE;
				CLANG_CXX_LANGUAGE_STANDARD = "gnu++20";
				CLANG_ENABLE_MODULES = YES;
				CLANG_ENABLE_OBJC_ARC = YES;
				CLANG_ENABLE_OBJC_WEAK = YES;
				CLANG_WARN_BLOCK_CAPTURE_AUTORELEASING = YES;
				CLANG_WARN_BOOL_CONVERSION = YES;
				CLANG_WARN_COMMA = YES;
				CLANG_WARN_CONSTANT_CONVERSION = YES;
				CLANG_WARN_DEPRECATED_OBJC_IMPLEMENTATIONS = YES;
				CLANG_WARN_DIRECT_OBJC_ISA_USAGE = YES_ERROR;
				CLANG_WARN_DOCUMENTATION_COMMENTS = YES;
				CLANG_WARN_EMPTY_BODY = YES;
				CLANG_WARN_ENUM_CONVERSION = YES;
				CLANG_WARN_INFINITE_RECURSION = YES;
				CLANG_WARN_INT_CONVERSION = YES;
				CLANG_WARN_NON_LITERAL_NULL_CONVERSION = YES;
				CLANG_WARN_OBJC_IMPLICIT_RETAIN_SELF = YES;
				CLANG_WARN_OBJC_LITERAL_CONVERSION = YES;
				CLANG_WARN_OBJC_ROOT_CLASS = YES_ERROR;
				CLANG_WARN_QUOTED_INCLUDE_IN_FRAMEWORK_HEADER = YES;
				CLANG_WARN_RANGE_LOOP_ANALYSIS = YES;
				CLANG_WARN_STRICT_PROTOTYPES = YES;
				CLANG_WARN_SUSPICIOUS_MOVE = YES;
				CLANG_WARN_UNGUARDED_AVAILABILITY = YES_AGGRESSIVE;
				CLANG_WARN_UNREACHABLE_CODE = YES;
				CLANG_WARN__DUPLICATE_METHOD_MATCH = YES;
				COPY_PHASE_STRIP = NO;
				DEBUG_INFORMATION_FORMAT = dwarf;
				ENABLE_STRICT_OBJC_MSGSEND = YES;
				ENABLE_TESTABILITY = YES;
				GCC_C_LANGUAGE_STANDARD = gnu11;
				GCC_DYNAMIC_NO_PIC = NO;
				GCC_NO_COMMON_BLOCKS = YES;
				GCC_OPTIMIZATION_LEVEL = 0;
				GCC_PREPROCESSOR_DEFINITIONS = (
					"DEBUG=1",
					"$(inherited)",
				);
				GCC_WARN_64_TO_32_BIT_CONVERSION = YES;
				GCC_WARN_ABOUT_RETURN_TYPE = YES_ERROR;
				GCC_WARN_UNDECLARED_SELECTOR = YES;
				GCC_WARN_UNINITIALIZED_AUTOS = YES_AGGRESSIVE;
				GCC_WARN_UNUSED_FUNCTION = YES;
				GCC_WARN_UNUSED_VARIABLE = YES;
				IPHONEOS_DEPLOYMENT_TARGET = 16.1;
				MTL_ENABLE_DEBUG_INFO = INCLUDE_SOURCE;
				MTL_FAST_MATH = YES;
				ONLY_ACTIVE_ARCH = YES;
				SDKROOT = iphoneos;
				SWIFT_ACTIVE_COMPILATION_CONDITIONS = DEBUG;
				SWIFT_OPTIMIZATION_LEVEL = "-Onone";
			};
			name = Debug;
		};
		41EEA0922922A3F4006902EF /* Release */ = {
			isa = XCBuildConfiguration;
			buildSettings = {
				ALWAYS_SEARCH_USER_PATHS = NO;
				CLANG_ANALYZER_NONNULL = YES;
				CLANG_ANALYZER_NUMBER_OBJECT_CONVERSION = YES_AGGRESSIVE;
				CLANG_CXX_LANGUAGE_STANDARD = "gnu++20";
				CLANG_ENABLE_MODULES = YES;
				CLANG_ENABLE_OBJC_ARC = YES;
				CLANG_ENABLE_OBJC_WEAK = YES;
				CLANG_WARN_BLOCK_CAPTURE_AUTORELEASING = YES;
				CLANG_WARN_BOOL_CONVERSION = YES;
				CLANG_WARN_COMMA = YES;
				CLANG_WARN_CONSTANT_CONVERSION = YES;
				CLANG_WARN_DEPRECATED_OBJC_IMPLEMENTATIONS = YES;
				CLANG_WARN_DIRECT_OBJC_ISA_USAGE = YES_ERROR;
				CLANG_WARN_DOCUMENTATION_COMMENTS = YES;
				CLANG_WARN_EMPTY_BODY = YES;
				CLANG_WARN_ENUM_CONVERSION = YES;
				CLANG_WARN_INFINITE_RECURSION = YES;
				CLANG_WARN_INT_CONVERSION = YES;
				CLANG_WARN_NON_LITERAL_NULL_CONVERSION = YES;
				CLANG_WARN_OBJC_IMPLICIT_RETAIN_SELF = YES;
				CLANG_WARN_OBJC_LITERAL_CONVERSION = YES;
				CLANG_WARN_OBJC_ROOT_CLASS = YES_ERROR;
				CLANG_WARN_QUOTED_INCLUDE_IN_FRAMEWORK_HEADER = YES;
				CLANG_WARN_RANGE_LOOP_ANALYSIS = YES;
				CLANG_WARN_STRICT_PROTOTYPES = YES;
				CLANG_WARN_SUSPICIOUS_MOVE = YES;
				CLANG_WARN_UNGUARDED_AVAILABILITY = YES_AGGRESSIVE;
				CLANG_WARN_UNREACHABLE_CODE = YES;
				CLANG_WARN__DUPLICATE_METHOD_MATCH = YES;
				COPY_PHASE_STRIP = NO;
				DEBUG_INFORMATION_FORMAT = "dwarf-with-dsym";
				ENABLE_NS_ASSERTIONS = NO;
				ENABLE_STRICT_OBJC_MSGSEND = YES;
				GCC_C_LANGUAGE_STANDARD = gnu11;
				GCC_NO_COMMON_BLOCKS = YES;
				GCC_WARN_64_TO_32_BIT_CONVERSION = YES;
				GCC_WARN_ABOUT_RETURN_TYPE = YES_ERROR;
				GCC_WARN_UNDECLARED_SELECTOR = YES;
				GCC_WARN_UNINITIALIZED_AUTOS = YES_AGGRESSIVE;
				GCC_WARN_UNUSED_FUNCTION = YES;
				GCC_WARN_UNUSED_VARIABLE = YES;
				IPHONEOS_DEPLOYMENT_TARGET = 16.1;
				MTL_ENABLE_DEBUG_INFO = NO;
				MTL_FAST_MATH = YES;
				SDKROOT = iphoneos;
				SWIFT_COMPILATION_MODE = wholemodule;
				SWIFT_OPTIMIZATION_LEVEL = "-O";
				VALIDATE_PRODUCT = YES;
			};
			name = Release;
		};
		41EEA0942922A3F4006902EF /* Debug */ = {
			isa = XCBuildConfiguration;
			buildSettings = {
				ASSETCATALOG_COMPILER_APPICON_NAME = AppIcon;
				ASSETCATALOG_COMPILER_GLOBAL_ACCENT_COLOR_NAME = AccentColor;
				CODE_SIGN_STYLE = Automatic;
				CURRENT_PROJECT_VERSION = 1;
				DEVELOPMENT_ASSET_PATHS = "\"airbnbScreens/Preview Content\"";
				DEVELOPMENT_TEAM = JPXSGQNS89;
				ENABLE_PREVIEWS = YES;
				GENERATE_INFOPLIST_FILE = YES;
				INFOPLIST_KEY_CFBundleDisplayName = airbnbScreens;
				INFOPLIST_KEY_UIApplicationSceneManifest_Generation = YES;
				INFOPLIST_KEY_UIApplicationSupportsIndirectInputEvents = YES;
				INFOPLIST_KEY_UILaunchScreen_Generation = YES;
				INFOPLIST_KEY_UISupportedInterfaceOrientations_iPad = "UIInterfaceOrientationPortrait UIInterfaceOrientationPortraitUpsideDown UIInterfaceOrientationLandscapeLeft UIInterfaceOrientationLandscapeRight";
				INFOPLIST_KEY_UISupportedInterfaceOrientations_iPhone = "UIInterfaceOrientationPortrait UIInterfaceOrientationLandscapeLeft UIInterfaceOrientationLandscapeRight";
				LD_RUNPATH_SEARCH_PATHS = (
					"$(inherited)",
					"@executable_path/Frameworks",
				);
				MARKETING_VERSION = 1.0;
				PRODUCT_BUNDLE_IDENTIFIER = com.raviheyne.airbnbScreens;
				PRODUCT_NAME = "$(TARGET_NAME)";
				SWIFT_EMIT_LOC_STRINGS = YES;
				SWIFT_VERSION = 5.0;
				TARGETED_DEVICE_FAMILY = "1,2";
			};
			name = Debug;
		};
		41EEA0952922A3F4006902EF /* Release */ = {
			isa = XCBuildConfiguration;
			buildSettings = {
				ASSETCATALOG_COMPILER_APPICON_NAME = AppIcon;
				ASSETCATALOG_COMPILER_GLOBAL_ACCENT_COLOR_NAME = AccentColor;
				CODE_SIGN_STYLE = Automatic;
				CURRENT_PROJECT_VERSION = 1;
				DEVELOPMENT_ASSET_PATHS = "\"airbnbScreens/Preview Content\"";
				DEVELOPMENT_TEAM = JPXSGQNS89;
				ENABLE_PREVIEWS = YES;
				GENERATE_INFOPLIST_FILE = YES;
				INFOPLIST_KEY_CFBundleDisplayName = airbnbScreens;
				INFOPLIST_KEY_UIApplicationSceneManifest_Generation = YES;
				INFOPLIST_KEY_UIApplicationSupportsIndirectInputEvents = YES;
				INFOPLIST_KEY_UILaunchScreen_Generation = YES;
				INFOPLIST_KEY_UISupportedInterfaceOrientations_iPad = "UIInterfaceOrientationPortrait UIInterfaceOrientationPortraitUpsideDown UIInterfaceOrientationLandscapeLeft UIInterfaceOrientationLandscapeRight";
				INFOPLIST_KEY_UISupportedInterfaceOrientations_iPhone = "UIInterfaceOrientationPortrait UIInterfaceOrientationLandscapeLeft UIInterfaceOrientationLandscapeRight";
				LD_RUNPATH_SEARCH_PATHS = (
					"$(inherited)",
					"@executable_path/Frameworks",
				);
				MARKETING_VERSION = 1.0;
				PRODUCT_BUNDLE_IDENTIFIER = com.raviheyne.airbnbScreens;
				PRODUCT_NAME = "$(TARGET_NAME)";
				SWIFT_EMIT_LOC_STRINGS = YES;
				SWIFT_VERSION = 5.0;
				TARGETED_DEVICE_FAMILY = "1,2";
			};
			name = Release;
		};
/* End XCBuildConfiguration section */

/* Begin XCConfigurationList section */
		41EEA0802922A3F2006902EF /* Build configuration list for PBXProject "airbnbScreens" */ = {
			isa = XCConfigurationList;
			buildConfigurations = (
				41EEA0912922A3F4006902EF /* Debug */,
				41EEA0922922A3F4006902EF /* Release */,
			);
			defaultConfigurationIsVisible = 0;
			defaultConfigurationName = Release;
		};
		41EEA0932922A3F4006902EF /* Build configuration list for PBXNativeTarget "airbnbScreens" */ = {
			isa = XCConfigurationList;
			buildConfigurations = (
				41EEA0942922A3F4006902EF /* Debug */,
				41EEA0952922A3F4006902EF /* Release */,
			);
			defaultConfigurationIsVisible = 0;
			defaultConfigurationName = Release;
		};
/* End XCConfigurationList section */
	};
	rootObject = 41EEA07D2922A3F2006902EF /* Project object */;
}
